// !$*UTF8*$!
{
	archiveVersion = 1;
	classes = {
	};
	objectVersion = 46;
	objects = {

/* Begin PBXBuildFile section */
		B605CC301D5B3F670060AD72 /* AppDelegate.swift in Sources */ = {isa = PBXBuildFile; fileRef = B605CC2F1D5B3F670060AD72 /* AppDelegate.swift */; };
		B605CC321D5B3F670060AD72 /* ViewController.swift in Sources */ = {isa = PBXBuildFile; fileRef = B605CC311D5B3F670060AD72 /* ViewController.swift */; };
		B605CC351D5B3F680060AD72 /* Main.storyboard in Resources */ = {isa = PBXBuildFile; fileRef = B605CC331D5B3F670060AD72 /* Main.storyboard */; };
		B605CC381D5B3F680060AD72 /* Morse.xcdatamodeld in Sources */ = {isa = PBXBuildFile; fileRef = B605CC361D5B3F680060AD72 /* Morse.xcdatamodeld */; };
		B605CC3A1D5B3F680060AD72 /* Assets.xcassets in Resources */ = {isa = PBXBuildFile; fileRef = B605CC391D5B3F680060AD72 /* Assets.xcassets */; };
		B605CC3D1D5B3F680060AD72 /* LaunchScreen.storyboard in Resources */ = {isa = PBXBuildFile; fileRef = B605CC3B1D5B3F680060AD72 /* LaunchScreen.storyboard */; };
		B605CC481D5B3F680060AD72 /* MorseTests.swift in Sources */ = {isa = PBXBuildFile; fileRef = B605CC471D5B3F680060AD72 /* MorseTests.swift */; };
		B605CC531D5B3F680060AD72 /* MorseUITests.swift in Sources */ = {isa = PBXBuildFile; fileRef = B605CC521D5B3F680060AD72 /* MorseUITests.swift */; };
		B605CC611D5B46760060AD72 /* MorseRepresentation.swift in Sources */ = {isa = PBXBuildFile; fileRef = B605CC601D5B46760060AD72 /* MorseRepresentation.swift */; };
		B605CC631D5B77650060AD72 /* AVFoundation.framework in Frameworks */ = {isa = PBXBuildFile; fileRef = B605CC621D5B77650060AD72 /* AVFoundation.framework */; };
		B605CC651D5C781D0060AD72 /* TorchController.swift in Sources */ = {isa = PBXBuildFile; fileRef = B605CC641D5C781D0060AD72 /* TorchController.swift */; };
		B605CC671D5CDCC20060AD72 /* VibrationsController.swift in Sources */ = {isa = PBXBuildFile; fileRef = B605CC661D5CDCC20060AD72 /* VibrationsController.swift */; };
/* End PBXBuildFile section */

/* Begin PBXContainerItemProxy section */
		B605CC441D5B3F680060AD72 /* PBXContainerItemProxy */ = {
			isa = PBXContainerItemProxy;
			containerPortal = B605CC241D5B3F670060AD72 /* Project object */;
			proxyType = 1;
			remoteGlobalIDString = B605CC2B1D5B3F670060AD72;
			remoteInfo = Morse;
		};
		B605CC4F1D5B3F680060AD72 /* PBXContainerItemProxy */ = {
			isa = PBXContainerItemProxy;
			containerPortal = B605CC241D5B3F670060AD72 /* Project object */;
			proxyType = 1;
			remoteGlobalIDString = B605CC2B1D5B3F670060AD72;
			remoteInfo = Morse;
		};
/* End PBXContainerItemProxy section */

/* Begin PBXFileReference section */
		B605CC2C1D5B3F670060AD72 /* Morse.app */ = {isa = PBXFileReference; explicitFileType = wrapper.application; includeInIndex = 0; path = Morse.app; sourceTree = BUILT_PRODUCTS_DIR; };
		B605CC2F1D5B3F670060AD72 /* AppDelegate.swift */ = {isa = PBXFileReference; lastKnownFileType = sourcecode.swift; path = AppDelegate.swift; sourceTree = "<group>"; };
		B605CC311D5B3F670060AD72 /* ViewController.swift */ = {isa = PBXFileReference; lastKnownFileType = sourcecode.swift; path = ViewController.swift; sourceTree = "<group>"; };
		B605CC341D5B3F680060AD72 /* Base */ = {isa = PBXFileReference; lastKnownFileType = file.storyboard; name = Base; path = Base.lproj/Main.storyboard; sourceTree = "<group>"; };
		B605CC371D5B3F680060AD72 /* Morse.xcdatamodel */ = {isa = PBXFileReference; lastKnownFileType = wrapper.xcdatamodel; path = Morse.xcdatamodel; sourceTree = "<group>"; };
		B605CC391D5B3F680060AD72 /* Assets.xcassets */ = {isa = PBXFileReference; lastKnownFileType = folder.assetcatalog; path = Assets.xcassets; sourceTree = "<group>"; };
		B605CC3C1D5B3F680060AD72 /* Base */ = {isa = PBXFileReference; lastKnownFileType = file.storyboard; name = Base; path = Base.lproj/LaunchScreen.storyboard; sourceTree = "<group>"; };
		B605CC3E1D5B3F680060AD72 /* Info.plist */ = {isa = PBXFileReference; lastKnownFileType = text.plist.xml; path = Info.plist; sourceTree = "<group>"; };
		B605CC431D5B3F680060AD72 /* MorseTests.xctest */ = {isa = PBXFileReference; explicitFileType = wrapper.cfbundle; includeInIndex = 0; path = MorseTests.xctest; sourceTree = BUILT_PRODUCTS_DIR; };
		B605CC471D5B3F680060AD72 /* MorseTests.swift */ = {isa = PBXFileReference; lastKnownFileType = sourcecode.swift; path = MorseTests.swift; sourceTree = "<group>"; };
		B605CC491D5B3F680060AD72 /* Info.plist */ = {isa = PBXFileReference; lastKnownFileType = text.plist.xml; path = Info.plist; sourceTree = "<group>"; };
		B605CC4E1D5B3F680060AD72 /* MorseUITests.xctest */ = {isa = PBXFileReference; explicitFileType = wrapper.cfbundle; includeInIndex = 0; path = MorseUITests.xctest; sourceTree = BUILT_PRODUCTS_DIR; };
		B605CC521D5B3F680060AD72 /* MorseUITests.swift */ = {isa = PBXFileReference; lastKnownFileType = sourcecode.swift; path = MorseUITests.swift; sourceTree = "<group>"; };
		B605CC541D5B3F680060AD72 /* Info.plist */ = {isa = PBXFileReference; lastKnownFileType = text.plist.xml; path = Info.plist; sourceTree = "<group>"; };
		B605CC601D5B46760060AD72 /* MorseRepresentation.swift */ = {isa = PBXFileReference; fileEncoding = 4; lastKnownFileType = sourcecode.swift; lineEnding = 0; path = MorseRepresentation.swift; sourceTree = "<group>"; xcLanguageSpecificationIdentifier = xcode.lang.swift; };
		B605CC621D5B77650060AD72 /* AVFoundation.framework */ = {isa = PBXFileReference; lastKnownFileType = wrapper.framework; name = AVFoundation.framework; path = System/Library/Frameworks/AVFoundation.framework; sourceTree = SDKROOT; };
		B605CC641D5C781D0060AD72 /* TorchController.swift */ = {isa = PBXFileReference; fileEncoding = 4; lastKnownFileType = sourcecode.swift; path = TorchController.swift; sourceTree = "<group>"; };
		B605CC661D5CDCC20060AD72 /* VibrationsController.swift */ = {isa = PBXFileReference; fileEncoding = 4; lastKnownFileType = sourcecode.swift; path = VibrationsController.swift; sourceTree = "<group>"; };
/* End PBXFileReference section */

/* Begin PBXFrameworksBuildPhase section */
		B605CC291D5B3F670060AD72 /* Frameworks */ = {
			isa = PBXFrameworksBuildPhase;
			buildActionMask = 2147483647;
			files = (
				B605CC631D5B77650060AD72 /* AVFoundation.framework in Frameworks */,
			);
			runOnlyForDeploymentPostprocessing = 0;
		};
		B605CC401D5B3F680060AD72 /* Frameworks */ = {
			isa = PBXFrameworksBuildPhase;
			buildActionMask = 2147483647;
			files = (
			);
			runOnlyForDeploymentPostprocessing = 0;
		};
		B605CC4B1D5B3F680060AD72 /* Frameworks */ = {
			isa = PBXFrameworksBuildPhase;
			buildActionMask = 2147483647;
			files = (
			);
			runOnlyForDeploymentPostprocessing = 0;
		};
/* End PBXFrameworksBuildPhase section */

/* Begin PBXGroup section */
		B605CC231D5B3F670060AD72 = {
			isa = PBXGroup;
			children = (
				B605CC621D5B77650060AD72 /* AVFoundation.framework */,
				B605CC2E1D5B3F670060AD72 /* Morse */,
				B605CC461D5B3F680060AD72 /* MorseTests */,
				B605CC511D5B3F680060AD72 /* MorseUITests */,
				B605CC2D1D5B3F670060AD72 /* Products */,
			);
			sourceTree = "<group>";
		};
		B605CC2D1D5B3F670060AD72 /* Products */ = {
			isa = PBXGroup;
			children = (
				B605CC2C1D5B3F670060AD72 /* Morse.app */,
				B605CC431D5B3F680060AD72 /* MorseTests.xctest */,
				B605CC4E1D5B3F680060AD72 /* MorseUITests.xctest */,
			);
			name = Products;
			sourceTree = "<group>";
		};
		B605CC2E1D5B3F670060AD72 /* Morse */ = {
			isa = PBXGroup;
			children = (
				B605CC2F1D5B3F670060AD72 /* AppDelegate.swift */,
				B605CC311D5B3F670060AD72 /* ViewController.swift */,
				B605CC601D5B46760060AD72 /* MorseRepresentation.swift */,
				B605CC661D5CDCC20060AD72 /* VibrationsController.swift */,
				B605CC641D5C781D0060AD72 /* TorchController.swift */,
				B605CC331D5B3F670060AD72 /* Main.storyboard */,
				B605CC391D5B3F680060AD72 /* Assets.xcassets */,
				B605CC3B1D5B3F680060AD72 /* LaunchScreen.storyboard */,
				B605CC3E1D5B3F680060AD72 /* Info.plist */,
				B605CC361D5B3F680060AD72 /* Morse.xcdatamodeld */,
			);
			path = Morse;
			sourceTree = "<group>";
		};
		B605CC461D5B3F680060AD72 /* MorseTests */ = {
			isa = PBXGroup;
			children = (
				B605CC471D5B3F680060AD72 /* MorseTests.swift */,
				B605CC491D5B3F680060AD72 /* Info.plist */,
			);
			path = MorseTests;
			sourceTree = "<group>";
		};
		B605CC511D5B3F680060AD72 /* MorseUITests */ = {
			isa = PBXGroup;
			children = (
				B605CC521D5B3F680060AD72 /* MorseUITests.swift */,
				B605CC541D5B3F680060AD72 /* Info.plist */,
			);
			path = MorseUITests;
			sourceTree = "<group>";
		};
/* End PBXGroup section */

/* Begin PBXNativeTarget section */
		B605CC2B1D5B3F670060AD72 /* Morse */ = {
			isa = PBXNativeTarget;
			buildConfigurationList = B605CC571D5B3F680060AD72 /* Build configuration list for PBXNativeTarget "Morse" */;
			buildPhases = (
				B605CC281D5B3F670060AD72 /* Sources */,
				B605CC291D5B3F670060AD72 /* Frameworks */,
				B605CC2A1D5B3F670060AD72 /* Resources */,
			);
			buildRules = (
			);
			dependencies = (
			);
			name = Morse;
			productName = Morse;
			productReference = B605CC2C1D5B3F670060AD72 /* Morse.app */;
			productType = "com.apple.product-type.application";
		};
		B605CC421D5B3F680060AD72 /* MorseTests */ = {
			isa = PBXNativeTarget;
			buildConfigurationList = B605CC5A1D5B3F680060AD72 /* Build configuration list for PBXNativeTarget "MorseTests" */;
			buildPhases = (
				B605CC3F1D5B3F680060AD72 /* Sources */,
				B605CC401D5B3F680060AD72 /* Frameworks */,
				B605CC411D5B3F680060AD72 /* Resources */,
			);
			buildRules = (
			);
			dependencies = (
				B605CC451D5B3F680060AD72 /* PBXTargetDependency */,
			);
			name = MorseTests;
			productName = MorseTests;
			productReference = B605CC431D5B3F680060AD72 /* MorseTests.xctest */;
			productType = "com.apple.product-type.bundle.unit-test";
		};
		B605CC4D1D5B3F680060AD72 /* MorseUITests */ = {
			isa = PBXNativeTarget;
			buildConfigurationList = B605CC5D1D5B3F680060AD72 /* Build configuration list for PBXNativeTarget "MorseUITests" */;
			buildPhases = (
				B605CC4A1D5B3F680060AD72 /* Sources */,
				B605CC4B1D5B3F680060AD72 /* Frameworks */,
				B605CC4C1D5B3F680060AD72 /* Resources */,
			);
			buildRules = (
			);
			dependencies = (
				B605CC501D5B3F680060AD72 /* PBXTargetDependency */,
			);
			name = MorseUITests;
			productName = MorseUITests;
			productReference = B605CC4E1D5B3F680060AD72 /* MorseUITests.xctest */;
			productType = "com.apple.product-type.bundle.ui-testing";
		};
/* End PBXNativeTarget section */

/* Begin PBXProject section */
		B605CC241D5B3F670060AD72 /* Project object */ = {
			isa = PBXProject;
			attributes = {
				LastSwiftUpdateCheck = 0730;
				LastUpgradeCheck = 0730;
				ORGANIZATIONNAME = "Владимир Молчанов";
				TargetAttributes = {
					B605CC2B1D5B3F670060AD72 = {
						CreatedOnToolsVersion = 7.3.1;
						DevelopmentTeam = SM43G3Z2Z7;
					};
					B605CC421D5B3F680060AD72 = {
						CreatedOnToolsVersion = 7.3.1;
						TestTargetID = B605CC2B1D5B3F670060AD72;
					};
					B605CC4D1D5B3F680060AD72 = {
						CreatedOnToolsVersion = 7.3.1;
						TestTargetID = B605CC2B1D5B3F670060AD72;
					};
				};
			};
			buildConfigurationList = B605CC271D5B3F670060AD72 /* Build configuration list for PBXProject "Morse" */;
			compatibilityVersion = "Xcode 3.2";
			developmentRegion = English;
			hasScannedForEncodings = 0;
			knownRegions = (
				en,
				Base,
			);
			mainGroup = B605CC231D5B3F670060AD72;
			productRefGroup = B605CC2D1D5B3F670060AD72 /* Products */;
			projectDirPath = "";
			projectRoot = "";
			targets = (
				B605CC2B1D5B3F670060AD72 /* Morse */,
				B605CC421D5B3F680060AD72 /* MorseTests */,
				B605CC4D1D5B3F680060AD72 /* MorseUITests */,
			);
		};
/* End PBXProject section */

/* Begin PBXResourcesBuildPhase section */
		B605CC2A1D5B3F670060AD72 /* Resources */ = {
			isa = PBXResourcesBuildPhase;
			buildActionMask = 2147483647;
			files = (
				B605CC3D1D5B3F680060AD72 /* LaunchScreen.storyboard in Resources */,
				B605CC3A1D5B3F680060AD72 /* Assets.xcassets in Resources */,
				B605CC351D5B3F680060AD72 /* Main.storyboard in Resources */,
			);
			runOnlyForDeploymentPostprocessing = 0;
		};
		B605CC411D5B3F680060AD72 /* Resources */ = {
			isa = PBXResourcesBuildPhase;
			buildActionMask = 2147483647;
			files = (
			);
			runOnlyForDeploymentPostprocessing = 0;
		};
		B605CC4C1D5B3F680060AD72 /* Resources */ = {
			isa = PBXResourcesBuildPhase;
			buildActionMask = 2147483647;
			files = (
			);
			runOnlyForDeploymentPostprocessing = 0;
		};
/* End PBXResourcesBuildPhase section */

/* Begin PBXSourcesBuildPhase section */
		B605CC281D5B3F670060AD72 /* Sources */ = {
			isa = PBXSourcesBuildPhase;
			buildActionMask = 2147483647;
			files = (
				B605CC671D5CDCC20060AD72 /* VibrationsController.swift in Sources */,
				B605CC321D5B3F670060AD72 /* ViewController.swift in Sources */,
				B605CC651D5C781D0060AD72 /* TorchController.swift in Sources */,
				B605CC611D5B46760060AD72 /* MorseRepresentation.swift in Sources */,
				B605CC381D5B3F680060AD72 /* Morse.xcdatamodeld in Sources */,
				B605CC301D5B3F670060AD72 /* AppDelegate.swift in Sources */,
			);
			runOnlyForDeploymentPostprocessing = 0;
		};
		B605CC3F1D5B3F680060AD72 /* Sources */ = {
			isa = PBXSourcesBuildPhase;
			buildActionMask = 2147483647;
			files = (
				B605CC481D5B3F680060AD72 /* MorseTests.swift in Sources */,
			);
			runOnlyForDeploymentPostprocessing = 0;
		};
		B605CC4A1D5B3F680060AD72 /* Sources */ = {
			isa = PBXSourcesBuildPhase;
			buildActionMask = 2147483647;
			files = (
				B605CC531D5B3F680060AD72 /* MorseUITests.swift in Sources */,
			);
			runOnlyForDeploymentPostprocessing = 0;
		};
/* End PBXSourcesBuildPhase section */

/* Begin PBXTargetDependency section */
		B605CC451D5B3F680060AD72 /* PBXTargetDependency */ = {
			isa = PBXTargetDependency;
			target = B605CC2B1D5B3F670060AD72 /* Morse */;
			targetProxy = B605CC441D5B3F680060AD72 /* PBXContainerItemProxy */;
		};
		B605CC501D5B3F680060AD72 /* PBXTargetDependency */ = {
			isa = PBXTargetDependency;
			target = B605CC2B1D5B3F670060AD72 /* Morse */;
			targetProxy = B605CC4F1D5B3F680060AD72 /* PBXContainerItemProxy */;
		};
/* End PBXTargetDependency section */

/* Begin PBXVariantGroup section */
		B605CC331D5B3F670060AD72 /* Main.storyboard */ = {
			isa = PBXVariantGroup;
			children = (
				B605CC341D5B3F680060AD72 /* Base */,
			);
			name = Main.storyboard;
			sourceTree = "<group>";
		};
		B605CC3B1D5B3F680060AD72 /* LaunchScreen.storyboard */ = {
			isa = PBXVariantGroup;
			children = (
				B605CC3C1D5B3F680060AD72 /* Base */,
			);
			name = LaunchScreen.storyboard;
			sourceTree = "<group>";
		};
/* End PBXVariantGroup section */

/* Begin XCBuildConfiguration section */
		B605CC551D5B3F680060AD72 /* Debug */ = {
			isa = XCBuildConfiguration;
			buildSettings = {
				ALWAYS_SEARCH_USER_PATHS = NO;
				CLANG_ANALYZER_NONNULL = YES;
				CLANG_CXX_LANGUAGE_STANDARD = "gnu++0x";
				CLANG_CXX_LIBRARY = "libc++";
				CLANG_ENABLE_MODULES = YES;
				CLANG_ENABLE_OBJC_ARC = YES;
				CLANG_WARN_BOOL_CONVERSION = YES;
				CLANG_WARN_CONSTANT_CONVERSION = YES;
				CLANG_WARN_DIRECT_OBJC_ISA_USAGE = YES_ERROR;
				CLANG_WARN_EMPTY_BODY = YES;
				CLANG_WARN_ENUM_CONVERSION = YES;
				CLANG_WARN_INT_CONVERSION = YES;
				CLANG_WARN_OBJC_ROOT_CLASS = YES_ERROR;
				CLANG_WARN_UNREACHABLE_CODE = YES;
				CLANG_WARN__DUPLICATE_METHOD_MATCH = YES;
				"CODE_SIGN_IDENTITY[sdk=iphoneos*]" = "iPhone Developer";
				COPY_PHASE_STRIP = NO;
				DEBUG_INFORMATION_FORMAT = dwarf;
				ENABLE_STRICT_OBJC_MSGSEND = YES;
				ENABLE_TESTABILITY = YES;
				GCC_C_LANGUAGE_STANDARD = gnu99;
				GCC_DYNAMIC_NO_PIC = NO;
				GCC_NO_COMMON_BLOCKS = YES;
				GCC_OPTIMIZATION_LEVEL = 0;
				GCC_PREPROCESSOR_DEFINITIONS = (
					"DEBUG=1",
					"$(inherited)",
				);
				GCC_WARN_64_TO_32_BIT_CONVERSION = YES;
				GCC_WARN_ABOUT_RETURN_TYPE = YES_ERROR;
				GCC_WARN_UNDECLARED_SELECTOR = YES;
				GCC_WARN_UNINITIALIZED_AUTOS = YES_AGGRESSIVE;
				GCC_WARN_UNUSED_FUNCTION = YES;
				GCC_WARN_UNUSED_VARIABLE = YES;
				IPHONEOS_DEPLOYMENT_TARGET = 9.3;
				MTL_ENABLE_DEBUG_INFO = YES;
				ONLY_ACTIVE_ARCH = YES;
				SDKROOT = iphoneos;
				SWIFT_OPTIMIZATION_LEVEL = "-Onone";
			};
			name = Debug;
		};
		B605CC561D5B3F680060AD72 /* Release */ = {
			isa = XCBuildConfiguration;
			buildSettings = {
				ALWAYS_SEARCH_USER_PATHS = NO;
				CLANG_ANALYZER_NONNULL = YES;
				CLANG_CXX_LANGUAGE_STANDARD = "gnu++0x";
				CLANG_CXX_LIBRARY = "libc++";
				CLANG_ENABLE_MODULES = YES;
				CLANG_ENABLE_OBJC_ARC = YES;
				CLANG_WARN_BOOL_CONVERSION = YES;
				CLANG_WARN_CONSTANT_CONVERSION = YES;
				CLANG_WARN_DIRECT_OBJC_ISA_USAGE = YES_ERROR;
				CLANG_WARN_EMPTY_BODY = YES;
				CLANG_WARN_ENUM_CONVERSION = YES;
				CLANG_WARN_INT_CONVERSION = YES;
				CLANG_WARN_OBJC_ROOT_CLASS = YES_ERROR;
				CLANG_WARN_UNREACHABLE_CODE = YES;
				CLANG_WARN__DUPLICATE_METHOD_MATCH = YES;
				"CODE_SIGN_IDENTITY[sdk=iphoneos*]" = "iPhone Developer";
				COPY_PHASE_STRIP = NO;
				DEBUG_INFORMATION_FORMAT = "dwarf-with-dsym";
				ENABLE_NS_ASSERTIONS = NO;
				ENABLE_STRICT_OBJC_MSGSEND = YES;
				GCC_C_LANGUAGE_STANDARD = gnu99;
				GCC_NO_COMMON_BLOCKS = YES;
				GCC_WARN_64_TO_32_BIT_CONVERSION = YES;
				GCC_WARN_ABOUT_RETURN_TYPE = YES_ERROR;
				GCC_WARN_UNDECLARED_SELECTOR = YES;
				GCC_WARN_UNINITIALIZED_AUTOS = YES_AGGRESSIVE;
				GCC_WARN_UNUSED_FUNCTION = YES;
				GCC_WARN_UNUSED_VARIABLE = YES;
				IPHONEOS_DEPLOYMENT_TARGET = 9.3;
				MTL_ENABLE_DEBUG_INFO = NO;
				SDKROOT = iphoneos;
				VALIDATE_PRODUCT = YES;
			};
			name = Release;
		};
		B605CC581D5B3F680060AD72 /* Debug */ = {
			isa = XCBuildConfiguration;
			buildSettings = {
				ASSETCATALOG_COMPILER_APPICON_NAME = AppIcon;
				CODE_SIGN_IDENTITY = "";
				"CODE_SIGN_IDENTITY[sdk=iphoneos*]" = "iPhone Developer";
				INFOPLIST_FILE = Morse/Info.plist;
				LD_RUNPATH_SEARCH_PATHS = "$(inherited) @executable_path/Frameworks";
				PRODUCT_BUNDLE_IDENTIFIER = edu.self.Morse;
				PRODUCT_NAME = "$(TARGET_NAME)";
				PROVISIONING_PROFILE = "";
			};
			name = Debug;
		};
		B605CC591D5B3F680060AD72 /* Release */ = {
			isa = XCBuildConfiguration;
			buildSettings = {
				ASSETCATALOG_COMPILER_APPICON_NAME = AppIcon;
				CODE_SIGN_IDENTITY = "";
				"CODE_SIGN_IDENTITY[sdk=iphoneos*]" = "iPhone Developer";
				INFOPLIST_FILE = Morse/Info.plist;
				LD_RUNPATH_SEARCH_PATHS = "$(inherited) @executable_path/Frameworks";
				PRODUCT_BUNDLE_IDENTIFIER = edu.self.Morse;
				PRODUCT_NAME = "$(TARGET_NAME)";
				PROVISIONING_PROFILE = "";
			};
			name = Release;
		};
		B605CC5B1D5B3F680060AD72 /* Debug */ = {
			isa = XCBuildConfiguration;
			buildSettings = {
				BUNDLE_LOADER = "$(TEST_HOST)";
				INFOPLIST_FILE = MorseTests/Info.plist;
				LD_RUNPATH_SEARCH_PATHS = "$(inherited) @executable_path/Frameworks @loader_path/Frameworks";
				PRODUCT_BUNDLE_IDENTIFIER = edu.self.MorseTests;
				PRODUCT_NAME = "$(TARGET_NAME)";
				TEST_HOST = "$(BUILT_PRODUCTS_DIR)/Morse.app/Morse";
			};
			name = Debug;
		};
		B605CC5C1D5B3F680060AD72 /* Release */ = {
			isa = XCBuildConfiguration;
			buildSettings = {
				BUNDLE_LOADER = "$(TEST_HOST)";
				INFOPLIST_FILE = MorseTests/Info.plist;
				LD_RUNPATH_SEARCH_PATHS = "$(inherited) @executable_path/Frameworks @loader_path/Frameworks";
				PRODUCT_BUNDLE_IDENTIFIER = edu.self.MorseTests;
				PRODUCT_NAME = "$(TARGET_NAME)";
				TEST_HOST = "$(BUILT_PRODUCTS_DIR)/Morse.app/Morse";
			};
			name = Release;
		};
		B605CC5E1D5B3F680060AD72 /* Debug */ = {
			isa = XCBuildConfiguration;
			buildSettings = {
				INFOPLIST_FILE = MorseUITests/Info.plist;
				LD_RUNPATH_SEARCH_PATHS = "$(inherited) @executable_path/Frameworks @loader_path/Frameworks";
				PRODUCT_BUNDLE_IDENTIFIER = edu.self.MorseUITests;
				PRODUCT_NAME = "$(TARGET_NAME)";
				TEST_TARGET_NAME = Morse;
			};
			name = Debug;
		};
		B605CC5F1D5B3F680060AD72 /* Release */ = {
			isa = XCBuildConfiguration;
			buildSettings = {
				INFOPLIST_FILE = MorseUITests/Info.plist;
				LD_RUNPATH_SEARCH_PATHS = "$(inherited) @executable_path/Frameworks @loader_path/Frameworks";
				PRODUCT_BUNDLE_IDENTIFIER = edu.self.MorseUITests;
				PRODUCT_NAME = "$(TARGET_NAME)";
				TEST_TARGET_NAME = Morse;
			};
			name = Release;
		};
/* End XCBuildConfiguration section */

/* Begin XCConfigurationList section */
		B605CC271D5B3F670060AD72 /* Build configuration list for PBXProject "Morse" */ = {
			isa = XCConfigurationList;
			buildConfigurations = (
				B605CC551D5B3F680060AD72 /* Debug */,
				B605CC561D5B3F680060AD72 /* Release */,
			);
			defaultConfigurationIsVisible = 0;
			defaultConfigurationName = Release;
		};
		B605CC571D5B3F680060AD72 /* Build configuration list for PBXNativeTarget "Morse" */ = {
			isa = XCConfigurationList;
			buildConfigurations = (
				B605CC581D5B3F680060AD72 /* Debug */,
				B605CC591D5B3F680060AD72 /* Release */,
			);
			defaultConfigurationIsVisible = 0;
		};
		B605CC5A1D5B3F680060AD72 /* Build configuration list for PBXNativeTarget "MorseTests" */ = {
			isa = XCConfigurationList;
			buildConfigurations = (
				B605CC5B1D5B3F680060AD72 /* Debug */,
				B605CC5C1D5B3F680060AD72 /* Release */,
			);
			defaultConfigurationIsVisible = 0;
		};
		B605CC5D1D5B3F680060AD72 /* Build configuration list for PBXNativeTarget "MorseUITests" */ = {
			isa = XCConfigurationList;
			buildConfigurations = (
				B605CC5E1D5B3F680060AD72 /* Debug */,
				B605CC5F1D5B3F680060AD72 /* Release */,
			);
			defaultConfigurationIsVisible = 0;
		};
/* End XCConfigurationList section */

/* Begin XCVersionGroup section */
		B605CC361D5B3F680060AD72 /* Morse.xcdatamodeld */ = {
			isa = XCVersionGroup;
			children = (
				B605CC371D5B3F680060AD72 /* Morse.xcdatamodel */,
			);
			currentVersion = B605CC371D5B3F680060AD72 /* Morse.xcdatamodel */;
			path = Morse.xcdatamodeld;
			sourceTree = "<group>";
			versionGroupType = wrapper.xcdatamodel;
		};
/* End XCVersionGroup section */
	};
	rootObject = B605CC241D5B3F670060AD72 /* Project object */;
}
